
Microsoft Visual Studio Solution File, Format Version 12.00
# Visual Studio Version 16
VisualStudioVersion = 16.0.29318.209
MinimumVisualStudioVersion = 10.0.40219.1
Project("{FAE04EC0-301F-11D3-BF4B-00C04F79EFBC}") = "FundooApp.Android", "FundooApp.Android\FundooApp.Android.csproj", "{62E980CC-15E2-40D6-BC40-E966FBB85794}"
EndProject
Project("{FAE04EC0-301F-11D3-BF4B-00C04F79EFBC}") = "FundooApp.iOS", "FundooApp.iOS\FundooApp.iOS.csproj", "{426424C7-93DA-4089-B3E2-F0E60C234ABD}"
EndProject
Project("{9A19103F-16F7-4668-BE54-9A1E7A4F7556}") = "FundooApp", "FundooApp\FundooApp.csproj", "{8AE6AB64-BDD6-4901-979C-FF5743F4F970}"
EndProject
Project("{9A19103F-16F7-4668-BE54-9A1E7A4F7556}") = "FundooUnitTesting", "FundooUnitTesting\FundooUnitTesting.csproj", "{0986952B-AB68-45B0-AADD-639C41FD2367}"
EndProject
Global
	GlobalSection(SolutionConfigurationPlatforms) = preSolution
		Debug|Any CPU = Debug|Any CPU
		Debug|iPhone = Debug|iPhone
		Debug|iPhoneSimulator = Debug|iPhoneSimulator
		Release|Any CPU = Release|Any CPU
		Release|iPhone = Release|iPhone
		Release|iPhoneSimulator = Release|iPhoneSimulator
	EndGlobalSection
	GlobalSection(ProjectConfigurationPlatforms) = postSolution
		{62E980CC-15E2-40D6-BC40-E966FBB85794}.Debug|Any CPU.ActiveCfg = Debug|Any CPU
		{62E980CC-15E2-40D6-BC40-E966FBB85794}.Debug|Any CPU.Build.0 = Debug|Any CPU
		{62E980CC-15E2-40D6-BC40-E966FBB85794}.Debug|Any CPU.Deploy.0 = Debug|Any CPU
		{62E980CC-15E2-40D6-BC40-E966FBB85794}.Debug|iPhone.ActiveCfg = Debug|Any CPU
		{62E980CC-15E2-40D6-BC40-E966FBB85794}.Debug|iPhone.Build.0 = Debug|Any CPU
		{62E980CC-15E2-40D6-BC40-E966FBB85794}.Debug|iPhone.Deploy.0 = Debug|Any CPU
		{62E980CC-15E2-40D6-BC40-E966FBB85794}.Debug|iPhoneSimulator.ActiveCfg = Debug|Any CPU
		{62E980CC-15E2-40D6-BC40-E966FBB85794}.Debug|iPhoneSimulator.Build.0 = Debug|Any CPU
		{62E980CC-15E2-40D6-BC40-E966FBB85794}.Debug|iPhoneSimulator.Deploy.0 = Debug|Any CPU
		{62E980CC-15E2-40D6-BC40-E966FBB85794}.Release|Any CPU.ActiveCfg = Release|Any CPU
		{62E980CC-15E2-40D6-BC40-E966FBB85794}.Release|Any CPU.Build.0 = Release|Any CPU
		{62E980CC-15E2-40D6-BC40-E966FBB85794}.Release|Any CPU.Deploy.0 = Release|Any CPU
		{62E980CC-15E2-40D6-BC40-E966FBB85794}.Release|iPhone.ActiveCfg = Release|Any CPU
		{62E980CC-15E2-40D6-BC40-E966FBB85794}.Release|iPhone.Build.0 = Release|Any CPU
		{62E980CC-15E2-40D6-BC40-E966FBB85794}.Release|iPhone.Deploy.0 = Release|Any CPU
		{62E980CC-15E2-40D6-BC40-E966FBB85794}.Release|iPhoneSimulator.ActiveCfg = Release|Any CPU
		{62E980CC-15E2-40D6-BC40-E966FBB85794}.Release|iPhoneSimulator.Build.0 = Release|Any CPU
		{62E980CC-15E2-40D6-BC40-E966FBB85794}.Release|iPhoneSimulator.Deploy.0 = Release|Any CPU
		{426424C7-93DA-4089-B3E2-F0E60C234ABD}.Debug|Any CPU.ActiveCfg = Debug|iPhoneSimulator
		{426424C7-93DA-4089-B3E2-F0E60C234ABD}.Debug|Any CPU.Build.0 = Debug|iPhoneSimulator
		{426424C7-93DA-4089-B3E2-F0E60C234ABD}.Debug|Any CPU.Deploy.0 = Debug|iPhoneSimulator
		{426424C7-93DA-4089-B3E2-F0E60C234ABD}.Debug|iPhone.ActiveCfg = Debug|iPhone
		{426424C7-93DA-4089-B3E2-F0E60C234ABD}.Debug|iPhone.Build.0 = Debug|iPhone
		{426424C7-93DA-4089-B3E2-F0E60C234ABD}.Debug|iPhone.Deploy.0 = Debug|iPhone
		{426424C7-93DA-4089-B3E2-F0E60C234ABD}.Debug|iPhoneSimulator.ActiveCfg = Debug|iPhoneSimulator
		{426424C7-93DA-4089-B3E2-F0E60C234ABD}.Debug|iPhoneSimulator.Build.0 = Debug|iPhoneSimulator
		{426424C7-93DA-4089-B3E2-F0E60C234ABD}.Debug|iPhoneSimulator.Deploy.0 = Debug|iPhoneSimulator
		{426424C7-93DA-4089-B3E2-F0E60C234ABD}.Release|Any CPU.ActiveCfg = Release|iPhone
		{426424C7-93DA-4089-B3E2-F0E60C234ABD}.Release|Any CPU.Build.0 = Release|iPhone
		{426424C7-93DA-4089-B3E2-F0E60C234ABD}.Release|Any CPU.Deploy.0 = Release|iPhone
		{426424C7-93DA-4089-B3E2-F0E60C234ABD}.Release|iPhone.ActiveCfg = Release|iPhone
		{426424C7-93DA-4089-B3E2-F0E60C234ABD}.Release|iPhone.Build.0 = Release|iPhone
		{426424C7-93DA-4089-B3E2-F0E60C234ABD}.Release|iPhone.Deploy.0 = Release|iPhone
		{426424C7-93DA-4089-B3E2-F0E60C234ABD}.Release|iPhoneSimulator.ActiveCfg = Release|iPhoneSimulator
		{426424C7-93DA-4089-B3E2-F0E60C234ABD}.Release|iPhoneSimulator.Build.0 = Release|iPhoneSimulator
		{426424C7-93DA-4089-B3E2-F0E60C234ABD}.Release|iPhoneSimulator.Deploy.0 = Release|iPhoneSimulator
		{8AE6AB64-BDD6-4901-979C-FF5743F4F970}.Debug|Any CPU.ActiveCfg = Debug|Any CPU
		{8AE6AB64-BDD6-4901-979C-FF5743F4F970}.Debug|Any CPU.Build.0 = Debug|Any CPU
		{8AE6AB64-BDD6-4901-979C-FF5743F4F970}.Debug|Any CPU.Deploy.0 = Debug|Any CPU
		{8AE6AB64-BDD6-4901-979C-FF5743F4F970}.Debug|iPhone.ActiveCfg = Debug|Any CPU
		{8AE6AB64-BDD6-4901-979C-FF5743F4F970}.Debug|iPhone.Build.0 = Debug|Any CPU
		{8AE6AB64-BDD6-4901-979C-FF5743F4F970}.Debug|iPhone.Deploy.0 = Debug|Any CPU
		{8AE6AB64-BDD6-4901-979C-FF5743F4F970}.Debug|iPhoneSimulator.ActiveCfg = Debug|Any CPU
		{8AE6AB64-BDD6-4901-979C-FF5743F4F970}.Debug|iPhoneSimulator.Build.0 = Debug|Any CPU
		{8AE6AB64-BDD6-4901-979C-FF5743F4F970}.Debug|iPhoneSimulator.Deploy.0 = Debug|Any CPU
		{8AE6AB64-BDD6-4901-979C-FF5743F4F970}.Release|Any CPU.ActiveCfg = Release|Any CPU
		{8AE6AB64-BDD6-4901-979C-FF5743F4F970}.Release|Any CPU.Build.0 = Release|Any CPU
		{8AE6AB64-BDD6-4901-979C-FF5743F4F970}.Release|Any CPU.Deploy.0 = Release|Any CPU
		{8AE6AB64-BDD6-4901-979C-FF5743F4F970}.Release|iPhone.ActiveCfg = Release|Any CPU
		{8AE6AB64-BDD6-4901-979C-FF5743F4F970}.Release|iPhone.Build.0 = Release|Any CPU
		{8AE6AB64-BDD6-4901-979C-FF5743F4F970}.Release|iPhone.Deploy.0 = Release|Any CPU
		{8AE6AB64-BDD6-4901-979C-FF5743F4F970}.Release|iPhoneSimulator.ActiveCfg = Release|Any CPU
		{8AE6AB64-BDD6-4901-979C-FF5743F4F970}.Release|iPhoneSimulator.Build.0 = Release|Any CPU
		{8AE6AB64-BDD6-4901-979C-FF5743F4F970}.Release|iPhoneSimulator.Deploy.0 = Release|Any CPU
		{0986952B-AB68-45B0-AADD-639C41FD2367}.Debug|Any CPU.ActiveCfg = Debug|Any CPU
		{0986952B-AB68-45B0-AADD-639C41FD2367}.Debug|Any CPU.Build.0 = Debug|Any CPU
		{0986952B-AB68-45B0-AADD-639C41FD2367}.Debug|iPhone.ActiveCfg = Debug|Any CPU
		{0986952B-AB68-45B0-AADD-639C41FD2367}.Debug|iPhone.Build.0 = Debug|Any CPU
		{0986952B-AB68-45B0-AADD-639C41FD2367}.Debug|iPhoneSimulator.ActiveCfg = Debug|Any CPU
		{0986952B-AB68-45B0-AADD-639C41FD2367}.Debug|iPhoneSimulator.Build.0 = Debug|Any CPU
		{0986952B-AB68-45B0-AADD-639C41FD2367}.Release|Any CPU.ActiveCfg = Release|Any CPU
		{0986952B-AB68-45B0-AADD-639C41FD2367}.Release|Any CPU.Build.0 = Release|Any CPU
		{0986952B-AB68-45B0-AADD-639C41FD2367}.Release|iPhone.ActiveCfg = Release|Any CPU
		{0986952B-AB68-45B0-AADD-639C41FD2367}.Release|iPhone.Build.0 = Release|Any CPU
		{0986952B-AB68-45B0-AADD-639C41FD2367}.Release|iPhoneSimulator.ActiveCfg = Release|Any CPU
		{0986952B-AB68-45B0-AADD-639C41FD2367}.Release|iPhoneSimulator.Build.0 = Release|Any CPU
	EndGlobalSection
	GlobalSection(SolutionProperties) = preSolution
		HideSolutionNode = FALSE
	EndGlobalSection
	GlobalSection(ExtensibilityGlobals) = postSolution
		SolutionGuid = {75DD7680-6AC7-4D33-B685-B5219AA51937}
	EndGlobalSection
EndGlobal
